
Microsoft Visual Studio Solution File, Format Version 9.00
# Visual Studio 2005
Project("{8BC9CEB8-8B4A-11D0-8D11-00A0C91BC942}") = "ddtread", "ddtread.vcproj", "{F32F943D-D2E3-4691-BADB-EB071C69010F}"
EndProject
Global
	GlobalSection(SolutionConfigurationPlatforms) = preSolution
		Debug|Win32 = Debug|Win32
		Release|Win32 = Release|Win32
	EndGlobalSection
	GlobalSection(ProjectConfigurationPlatforms) = postSolution
		{F32F943D-D2E3-4691-BADB-EB071C69010F}.Debug|Win32.ActiveCfg = Debug|Win32
		{F32F943D-D2E3-4691-BADB-EB071C69010F}.Debug|Win32.Build.0 = Debug|Win32
		{F32F943D-D2E3-4691-BADB-EB071C69010F}.Release|Win32.ActiveCfg = Release|Win32
		{F32F943D-D2E3-4691-BADB-EB071C69010F}.Release|Win32.Build.0 = Release|Win32
	EndGlobalSection
	GlobalSection(SolutionProperties) = preSolution
		HideSolutionNode = FALSE
	EndGlobalSection
EndGlobal
